
Microsoft Visual Studio Solution File, Format Version 12.00
# Visual Studio Version 16
VisualStudioVersion = 16.0.31112.23
MinimumVisualStudioVersion = 10.0.40219.1
Project("{FAE04EC0-301F-11D3-BF4B-00C04F79EFBC}") = "RSS Subscriber", "RSS Subscriber\RSS Subscriber.csproj", "{588D75E8-C1CC-4978-8D89-0C079951D49F}"
EndProject
Global
	GlobalSection(SolutionConfigurationPlatforms) = preSolution
		Debug|Any CPU = Debug|Any CPU
		Debug|x64 = Debug|x64
		Release|Any CPU = Release|Any CPU
		Release|x64 = Release|x64
	EndGlobalSection
	GlobalSection(ProjectConfigurationPlatforms) = postSolution
		{588D75E8-C1CC-4978-8D89-0C079951D49F}.Debug|Any CPU.ActiveCfg = Debug|Any CPU
		{588D75E8-C1CC-4978-8D89-0C079951D49F}.Debug|Any CPU.Build.0 = Debug|Any CPU
		{588D75E8-C1CC-4978-8D89-0C079951D49F}.Debug|x64.ActiveCfg = Debug|x64
		{588D75E8-C1CC-4978-8D89-0C079951D49F}.Debug|x64.Build.0 = Debug|x64
		{588D75E8-C1CC-4978-8D89-0C079951D49F}.Release|Any CPU.ActiveCfg = Release|Any CPU
		{588D75E8-C1CC-4978-8D89-0C079951D49F}.Release|Any CPU.Build.0 = Release|Any CPU
		{588D75E8-C1CC-4978-8D89-0C079951D49F}.Release|x64.ActiveCfg = Release|x64
		{588D75E8-C1CC-4978-8D89-0C079951D49F}.Release|x64.Build.0 = Release|x64
	EndGlobalSection
	GlobalSection(SolutionProperties) = preSolution
		HideSolutionNode = FALSE
	EndGlobalSection
	GlobalSection(ExtensibilityGlobals) = postSolution
		SolutionGuid = {CB59D290-E275-49C3-9FCB-6ED8BAC7C827}
	EndGlobalSection
EndGlobal
